
Microsoft Visual Studio Solution File, Format Version 12.00
# Visual Studio Version 17
VisualStudioVersion = 17.10.34916.146
MinimumVisualStudioVersion = 10.0.40219.1
Project("{FAE04EC0-301F-11D3-BF4B-00C04F79EFBC}") = "MiPrimerProyecto", "MiPrimerProyecto\MiPrimerProyecto.csproj", "{B698413E-89E3-458C-821B-173ADBDF5C42}"
EndProject
Global
	GlobalSection(SolutionConfigurationPlatforms) = preSolution
		Debug|Any CPU = Debug|Any CPU
		Release|Any CPU = Release|Any CPU
	EndGlobalSection
	GlobalSection(ProjectConfigurationPlatforms) = postSolution
		{B698413E-89E3-458C-821B-173ADBDF5C42}.Debug|Any CPU.ActiveCfg = Debug|Any CPU
		{B698413E-89E3-458C-821B-173ADBDF5C42}.Debug|Any CPU.Build.0 = Debug|Any CPU
		{B698413E-89E3-458C-821B-173ADBDF5C42}.Release|Any CPU.ActiveCfg = Release|Any CPU
		{B698413E-89E3-458C-821B-173ADBDF5C42}.Release|Any CPU.Build.0 = Release|Any CPU
	EndGlobalSection
	GlobalSection(SolutionProperties) = preSolution
		HideSolutionNode = FALSE
	EndGlobalSection
	GlobalSection(ExtensibilityGlobals) = postSolution
		SolutionGuid = {28A46D85-6074-487A-B1EE-38BDC7D7959C}
	EndGlobalSection
EndGlobal
